// !$*UTF8*$!
{
	archiveVersion = 1;
	classes = {
	};
	objectVersion = 50;
	objects = {

/* Begin PBXBuildFile section */
		2A24CD0525628E4600EE79FB /* ZYBuryPointProcess.m in Sources */ = {isa = PBXBuildFile; fileRef = 2A24CCF725628E4500EE79FB /* ZYBuryPointProcess.m */; };
		2A24CD0625628E4600EE79FB /* ZYBuryPointRequest.m in Sources */ = {isa = PBXBuildFile; fileRef = 2A24CCF825628E4500EE79FB /* ZYBuryPointRequest.m */; };
		2A24CD0725628E4600EE79FB /* ZYBuryPointManager.m in Sources */ = {isa = PBXBuildFile; fileRef = 2A24CCFA25628E4500EE79FB /* ZYBuryPointManager.m */; };
		2A24CD0825628E4600EE79FB /* ZYBuryPointRequestBaseModel.m in Sources */ = {isa = PBXBuildFile; fileRef = 2A24CCFC25628E4500EE79FB /* ZYBuryPointRequestBaseModel.m */; };
		2A24CD0925628E4600EE79FB /* UIViewController+Runtime.m in Sources */ = {isa = PBXBuildFile; fileRef = 2A24CCFE25628E4500EE79FB /* UIViewController+Runtime.m */; };
		2A24CD0B25628E4600EE79FB /* ZYBuryPointRequestModel.m in Sources */ = {isa = PBXBuildFile; fileRef = 2A24CD0325628E4600EE79FB /* ZYBuryPointRequestModel.m */; };
		2A6A4EF4257E0D530051C4EB /* ZYBuryPointRequestBusinessModel.m in Sources */ = {isa = PBXBuildFile; fileRef = 2A6A4EF3257E0D530051C4EB /* ZYBuryPointRequestBusinessModel.m */; };
		2A6C7395256664F400869AB0 /* UITextField+Runtime.m in Sources */ = {isa = PBXBuildFile; fileRef = 2A6C7394256664F400869AB0 /* UITextField+Runtime.m */; };
		2A81F5972580C2D10026B1F2 /* ZYBuryPointVCInfoModel.m in Sources */ = {isa = PBXBuildFile; fileRef = 2A81F5962580C2D10026B1F2 /* ZYBuryPointVCInfoModel.m */; };
		BD3F7755A3B16E3D4D05EEA0 /* libPods-ZYBuryPoint.a in Frameworks */ = {isa = PBXBuildFile; fileRef = 611D1BE0447904B390BBF35A /* libPods-ZYBuryPoint.a */; };
/* End PBXBuildFile section */

/* Begin PBXCopyFilesBuildPhase section */
		2A701EE7255B90E800C23484 /* CopyFiles */ = {
			isa = PBXCopyFilesBuildPhase;
			buildActionMask = 2147483647;
			dstPath = "include/$(PRODUCT_NAME)";
			dstSubfolderSpec = 16;
			files = (
			);
			runOnlyForDeploymentPostprocessing = 0;
		};
/* End PBXCopyFilesBuildPhase section */

/* Begin PBXFileReference section */
		2A24CCF725628E4500EE79FB /* ZYBuryPointProcess.m */ = {isa = PBXFileReference; fileEncoding = 4; lastKnownFileType = sourcecode.c.objc; path = ZYBuryPointProcess.m; sourceTree = "<group>"; };
		2A24CCF825628E4500EE79FB /* ZYBuryPointRequest.m */ = {isa = PBXFileReference; fileEncoding = 4; lastKnownFileType = sourcecode.c.objc; path = ZYBuryPointRequest.m; sourceTree = "<group>"; };
		2A24CCF925628E4500EE79FB /* ZYBuryPoint.h */ = {isa = PBXFileReference; fileEncoding = 4; lastKnownFileType = sourcecode.c.h; path = ZYBuryPoint.h; sourceTree = "<group>"; };
		2A24CCFA25628E4500EE79FB /* ZYBuryPointManager.m */ = {isa = PBXFileReference; fileEncoding = 4; lastKnownFileType = sourcecode.c.objc; path = ZYBuryPointManager.m; sourceTree = "<group>"; };
		2A24CCFB25628E4500EE79FB /* ZYBuryPointManager.h */ = {isa = PBXFileReference; fileEncoding = 4; lastKnownFileType = sourcecode.c.h; path = ZYBuryPointManager.h; sourceTree = "<group>"; };
		2A24CCFC25628E4500EE79FB /* ZYBuryPointRequestBaseModel.m */ = {isa = PBXFileReference; fileEncoding = 4; lastKnownFileType = sourcecode.c.objc; path = ZYBuryPointRequestBaseModel.m; sourceTree = "<group>"; };
		2A24CCFD25628E4500EE79FB /* ZYBuryPointProcess.h */ = {isa = PBXFileReference; fileEncoding = 4; lastKnownFileType = sourcecode.c.h; path = ZYBuryPointProcess.h; sourceTree = "<group>"; };
		2A24CCFE25628E4500EE79FB /* UIViewController+Runtime.m */ = {isa = PBXFileReference; fileEncoding = 4; lastKnownFileType = sourcecode.c.objc; path = "UIViewController+Runtime.m"; sourceTree = "<group>"; };
		2A24CCFF25628E4500EE79FB /* ZYBuryPointRequest.h */ = {isa = PBXFileReference; fileEncoding = 4; lastKnownFileType = sourcecode.c.h; path = ZYBuryPointRequest.h; sourceTree = "<group>"; };
		2A24CD0025628E4500EE79FB /* UIViewController+Runtime.h */ = {isa = PBXFileReference; fileEncoding = 4; lastKnownFileType = sourcecode.c.h; path = "UIViewController+Runtime.h"; sourceTree = "<group>"; };
		2A24CD0225628E4600EE79FB /* ZYBuryPointRequestModel.h */ = {isa = PBXFileReference; fileEncoding = 4; lastKnownFileType = sourcecode.c.h; path = ZYBuryPointRequestModel.h; sourceTree = "<group>"; };
		2A24CD0325628E4600EE79FB /* ZYBuryPointRequestModel.m */ = {isa = PBXFileReference; fileEncoding = 4; lastKnownFileType = sourcecode.c.objc; path = ZYBuryPointRequestModel.m; sourceTree = "<group>"; };
		2A24CD0425628E4600EE79FB /* ZYBuryPointRequestBaseModel.h */ = {isa = PBXFileReference; fileEncoding = 4; lastKnownFileType = sourcecode.c.h; path = ZYBuryPointRequestBaseModel.h; sourceTree = "<group>"; };
		2A6A4EF2257E0D530051C4EB /* ZYBuryPointRequestBusinessModel.h */ = {isa = PBXFileReference; lastKnownFileType = sourcecode.c.h; path = ZYBuryPointRequestBusinessModel.h; sourceTree = "<group>"; };
		2A6A4EF3257E0D530051C4EB /* ZYBuryPointRequestBusinessModel.m */ = {isa = PBXFileReference; lastKnownFileType = sourcecode.c.objc; path = ZYBuryPointRequestBusinessModel.m; sourceTree = "<group>"; };
		2A6C7393256664F400869AB0 /* UITextField+Runtime.h */ = {isa = PBXFileReference; lastKnownFileType = sourcecode.c.h; path = "UITextField+Runtime.h"; sourceTree = "<group>"; };
		2A6C7394256664F400869AB0 /* UITextField+Runtime.m */ = {isa = PBXFileReference; lastKnownFileType = sourcecode.c.objc; path = "UITextField+Runtime.m"; sourceTree = "<group>"; };
		2A701EE9255B90E800C23484 /* libZYBuryPoint.a */ = {isa = PBXFileReference; explicitFileType = archive.ar; includeInIndex = 0; path = libZYBuryPoint.a; sourceTree = BUILT_PRODUCTS_DIR; };
		2A81F5952580C2D10026B1F2 /* ZYBuryPointVCInfoModel.h */ = {isa = PBXFileReference; lastKnownFileType = sourcecode.c.h; path = ZYBuryPointVCInfoModel.h; sourceTree = "<group>"; };
		2A81F5962580C2D10026B1F2 /* ZYBuryPointVCInfoModel.m */ = {isa = PBXFileReference; lastKnownFileType = sourcecode.c.objc; path = ZYBuryPointVCInfoModel.m; sourceTree = "<group>"; };
		4B74DA430F267A03B2D886CA /* Pods-ZYBuryPoint.release.xcconfig */ = {isa = PBXFileReference; includeInIndex = 1; lastKnownFileType = text.xcconfig; name = "Pods-ZYBuryPoint.release.xcconfig"; path = "Target Support Files/Pods-ZYBuryPoint/Pods-ZYBuryPoint.release.xcconfig"; sourceTree = "<group>"; };
		611D1BE0447904B390BBF35A /* libPods-ZYBuryPoint.a */ = {isa = PBXFileReference; explicitFileType = archive.ar; includeInIndex = 0; path = "libPods-ZYBuryPoint.a"; sourceTree = BUILT_PRODUCTS_DIR; };
		B14E70F933E627BD56A4C86C /* Pods-ZYBuryPoint.debug.xcconfig */ = {isa = PBXFileReference; includeInIndex = 1; lastKnownFileType = text.xcconfig; name = "Pods-ZYBuryPoint.debug.xcconfig"; path = "Target Support Files/Pods-ZYBuryPoint/Pods-ZYBuryPoint.debug.xcconfig"; sourceTree = "<group>"; };
/* End PBXFileReference section */

/* Begin PBXFrameworksBuildPhase section */
		2A701EE6255B90E800C23484 /* Frameworks */ = {
			isa = PBXFrameworksBuildPhase;
			buildActionMask = 2147483647;
			files = (
				BD3F7755A3B16E3D4D05EEA0 /* libPods-ZYBuryPoint.a in Frameworks */,
			);
			runOnlyForDeploymentPostprocessing = 0;
		};
/* End PBXFrameworksBuildPhase section */

/* Begin PBXGroup section */
		2A701EE0255B90E800C23484 = {
			isa = PBXGroup;
			children = (
				2A701EEB255B90E800C23484 /* ZYBuryPoint */,
				2A701EEA255B90E800C23484 /* Products */,
				90F718C03CA251EAB1DB977F /* Pods */,
				49AD063FB2EDD2F78712D199 /* Frameworks */,
			);
			sourceTree = "<group>";
		};
		2A701EEA255B90E800C23484 /* Products */ = {
			isa = PBXGroup;
			children = (
				2A701EE9255B90E800C23484 /* libZYBuryPoint.a */,
			);
			name = Products;
			sourceTree = "<group>";
		};
		2A701EEB255B90E800C23484 /* ZYBuryPoint */ = {
			isa = PBXGroup;
			children = (
				2A24CCF925628E4500EE79FB /* ZYBuryPoint.h */,
				2A24CD0025628E4500EE79FB /* UIViewController+Runtime.h */,
				2A24CCFE25628E4500EE79FB /* UIViewController+Runtime.m */,
				2A6C7393256664F400869AB0 /* UITextField+Runtime.h */,
				2A6C7394256664F400869AB0 /* UITextField+Runtime.m */,
				2A24CCFB25628E4500EE79FB /* ZYBuryPointManager.h */,
				2A24CCFA25628E4500EE79FB /* ZYBuryPointManager.m */,
				2A24CCFD25628E4500EE79FB /* ZYBuryPointProcess.h */,
				2A24CCF725628E4500EE79FB /* ZYBuryPointProcess.m */,
				2A24CCFF25628E4500EE79FB /* ZYBuryPointRequest.h */,
				2A24CCF825628E4500EE79FB /* ZYBuryPointRequest.m */,
				2A24CD0425628E4600EE79FB /* ZYBuryPointRequestBaseModel.h */,
				2A24CCFC25628E4500EE79FB /* ZYBuryPointRequestBaseModel.m */,
				2A24CD0225628E4600EE79FB /* ZYBuryPointRequestModel.h */,
				2A24CD0325628E4600EE79FB /* ZYBuryPointRequestModel.m */,
				2A81F5952580C2D10026B1F2 /* ZYBuryPointVCInfoModel.h */,
				2A81F5962580C2D10026B1F2 /* ZYBuryPointVCInfoModel.m */,
				2A6A4EF2257E0D530051C4EB /* ZYBuryPointRequestBusinessModel.h */,
				2A6A4EF3257E0D530051C4EB /* ZYBuryPointRequestBusinessModel.m */,
			);
			path = ZYBuryPoint;
			sourceTree = "<group>";
		};
		49AD063FB2EDD2F78712D199 /* Frameworks */ = {
			isa = PBXGroup;
			children = (
				611D1BE0447904B390BBF35A /* libPods-ZYBuryPoint.a */,
			);
			name = Frameworks;
			sourceTree = "<group>";
		};
		90F718C03CA251EAB1DB977F /* Pods */ = {
			isa = PBXGroup;
			children = (
				B14E70F933E627BD56A4C86C /* Pods-ZYBuryPoint.debug.xcconfig */,
				4B74DA430F267A03B2D886CA /* Pods-ZYBuryPoint.release.xcconfig */,
			);
			path = Pods;
			sourceTree = "<group>";
		};
/* End PBXGroup section */

/* Begin PBXNativeTarget section */
		2A701EE8255B90E800C23484 /* ZYBuryPoint */ = {
			isa = PBXNativeTarget;
			buildConfigurationList = 2A701EF2255B90E800C23484 /* Build configuration list for PBXNativeTarget "ZYBuryPoint" */;
			buildPhases = (
				F3900A4B7353F887D704D525 /* [CP] Check Pods Manifest.lock */,
				2A701EE5255B90E800C23484 /* Sources */,
				2A701EE6255B90E800C23484 /* Frameworks */,
				2A701EE7255B90E800C23484 /* CopyFiles */,
			);
			buildRules = (
			);
			dependencies = (
			);
			name = ZYBuryPoint;
			productName = ZYBuryPoint;
			productReference = 2A701EE9255B90E800C23484 /* libZYBuryPoint.a */;
			productType = "com.apple.product-type.library.static";
		};
/* End PBXNativeTarget section */

/* Begin PBXProject section */
		2A701EE1255B90E800C23484 /* Project object */ = {
			isa = PBXProject;
			attributes = {
				LastUpgradeCheck = 1200;
				TargetAttributes = {
					2A701EE8255B90E800C23484 = {
						CreatedOnToolsVersion = 12.0.1;
					};
				};
			};
			buildConfigurationList = 2A701EE4255B90E800C23484 /* Build configuration list for PBXProject "ZYBuryPoint" */;
			compatibilityVersion = "Xcode 9.3";
			developmentRegion = en;
			hasScannedForEncodings = 0;
			knownRegions = (
				en,
				Base,
			);
			mainGroup = 2A701EE0255B90E800C23484;
			productRefGroup = 2A701EEA255B90E800C23484 /* Products */;
			projectDirPath = "";
			projectRoot = "";
			targets = (
				2A701EE8255B90E800C23484 /* ZYBuryPoint */,
			);
		};
/* End PBXProject section */

/* Begin PBXShellScriptBuildPhase section */
		F3900A4B7353F887D704D525 /* [CP] Check Pods Manifest.lock */ = {
			isa = PBXShellScriptBuildPhase;
			buildActionMask = 2147483647;
			files = (
			);
			inputFileListPaths = (
			);
			inputPaths = (
				"${PODS_PODFILE_DIR_PATH}/Podfile.lock",
				"${PODS_ROOT}/Manifest.lock",
			);
			name = "[CP] Check Pods Manifest.lock";
			outputFileListPaths = (
			);
			outputPaths = (
				"$(DERIVED_FILE_DIR)/Pods-ZYBuryPoint-checkManifestLockResult.txt",
			);
			runOnlyForDeploymentPostprocessing = 0;
			shellPath = /bin/sh;
			shellScript = "diff \"${PODS_PODFILE_DIR_PATH}/Podfile.lock\" \"${PODS_ROOT}/Manifest.lock\" > /dev/null\nif [ $? != 0 ] ; then\n    # print error to STDERR\n    echo \"error: The sandbox is not in sync with the Podfile.lock. Run 'pod install' or update your CocoaPods installation.\" >&2\n    exit 1\nfi\n# This output is used by Xcode 'outputs' to avoid re-running this script phase.\necho \"SUCCESS\" > \"${SCRIPT_OUTPUT_FILE_0}\"\n";
			showEnvVarsInLog = 0;
		};
/* End PBXShellScriptBuildPhase section */

/* Begin PBXSourcesBuildPhase section */
		2A701EE5255B90E800C23484 /* Sources */ = {
			isa = PBXSourcesBuildPhase;
			buildActionMask = 2147483647;
			files = (
				2A24CD0825628E4600EE79FB /* ZYBuryPointRequestBaseModel.m in Sources */,
				2A81F5972580C2D10026B1F2 /* ZYBuryPointVCInfoModel.m in Sources */,
				2A24CD0B25628E4600EE79FB /* ZYBuryPointRequestModel.m in Sources */,
				2A24CD0925628E4600EE79FB /* UIViewController+Runtime.m in Sources */,
				2A6A4EF4257E0D530051C4EB /* ZYBuryPointRequestBusinessModel.m in Sources */,
				2A24CD0525628E4600EE79FB /* ZYBuryPointProcess.m in Sources */,
				2A24CD0625628E4600EE79FB /* ZYBuryPointRequest.m in Sources */,
				2A24CD0725628E4600EE79FB /* ZYBuryPointManager.m in Sources */,
				2A6C7395256664F400869AB0 /* UITextField+Runtime.m in Sources */,
			);
			runOnlyForDeploymentPostprocessing = 0;
		};
/* End PBXSourcesBuildPhase section */

/* Begin XCBuildConfiguration section */
		2A701EF0255B90E800C23484 /* Debug */ = {
			isa = XCBuildConfiguration;
			buildSettings = {
				ALWAYS_SEARCH_USER_PATHS = NO;
				CLANG_ANALYZER_NONNULL = YES;
				CLANG_ANALYZER_NUMBER_OBJECT_CONVERSION = YES_AGGRESSIVE;
				CLANG_CXX_LANGUAGE_STANDARD = "gnu++14";
				CLANG_CXX_LIBRARY = "libc++";
				CLANG_ENABLE_MODULES = YES;
				CLANG_ENABLE_OBJC_ARC = YES;
				CLANG_ENABLE_OBJC_WEAK = YES;
				CLANG_WARN_BLOCK_CAPTURE_AUTORELEASING = YES;
				CLANG_WARN_BOOL_CONVERSION = YES;
				CLANG_WARN_COMMA = YES;
				CLANG_WARN_CONSTANT_CONVERSION = YES;
				CLANG_WARN_DEPRECATED_OBJC_IMPLEMENTATIONS = YES;
				CLANG_WARN_DIRECT_OBJC_ISA_USAGE = YES_ERROR;
				CLANG_WARN_DOCUMENTATION_COMMENTS = YES;
				CLANG_WARN_EMPTY_BODY = YES;
				CLANG_WARN_ENUM_CONVERSION = YES;
				CLANG_WARN_INFINITE_RECURSION = YES;
				CLANG_WARN_INT_CONVERSION = YES;
				CLANG_WARN_NON_LITERAL_NULL_CONVERSION = YES;
				CLANG_WARN_OBJC_IMPLICIT_RETAIN_SELF = YES;
				CLANG_WARN_OBJC_LITERAL_CONVERSION = YES;
				CLANG_WARN_OBJC_ROOT_CLASS = YES_ERROR;
				CLANG_WARN_QUOTED_INCLUDE_IN_FRAMEWORK_HEADER = YES;
				CLANG_WARN_RANGE_LOOP_ANALYSIS = YES;
				CLANG_WARN_STRICT_PROTOTYPES = YES;
				CLANG_WARN_SUSPICIOUS_MOVE = YES;
				CLANG_WARN_UNGUARDED_AVAILABILITY = YES_AGGRESSIVE;
				CLANG_WARN_UNREACHABLE_CODE = YES;
				CLANG_WARN__DUPLICATE_METHOD_MATCH = YES;
				COPY_PHASE_STRIP = NO;
				DEBUG_INFORMATION_FORMAT = dwarf;
				ENABLE_STRICT_OBJC_MSGSEND = YES;
				ENABLE_TESTABILITY = YES;
				GCC_C_LANGUAGE_STANDARD = gnu11;
				GCC_DYNAMIC_NO_PIC = NO;
				GCC_NO_COMMON_BLOCKS = YES;
				GCC_OPTIMIZATION_LEVEL = 0;
				GCC_PREPROCESSOR_DEFINITIONS = (
					"DEBUG=1",
					"$(inherited)",
				);
				GCC_WARN_64_TO_32_BIT_CONVERSION = YES;
				GCC_WARN_ABOUT_RETURN_TYPE = YES_ERROR;
				GCC_WARN_UNDECLARED_SELECTOR = YES;
				GCC_WARN_UNINITIALIZED_AUTOS = YES_AGGRESSIVE;
				GCC_WARN_UNUSED_FUNCTION = YES;
				GCC_WARN_UNUSED_VARIABLE = YES;
				IPHONEOS_DEPLOYMENT_TARGET = 14.0;
				MTL_ENABLE_DEBUG_INFO = INCLUDE_SOURCE;
				MTL_FAST_MATH = YES;
				ONLY_ACTIVE_ARCH = YES;
				SDKROOT = iphoneos;
			};
			name = Debug;
		};
		2A701EF1255B90E800C23484 /* Release */ = {
			isa = XCBuildConfiguration;
			buildSettings = {
				ALWAYS_SEARCH_USER_PATHS = NO;
				CLANG_ANALYZER_NONNULL = YES;
				CLANG_ANALYZER_NUMBER_OBJECT_CONVERSION = YES_AGGRESSIVE;
				CLANG_CXX_LANGUAGE_STANDARD = "gnu++14";
				CLANG_CXX_LIBRARY = "libc++";
				CLANG_ENABLE_MODULES = YES;
				CLANG_ENABLE_OBJC_ARC = YES;
				CLANG_ENABLE_OBJC_WEAK = YES;
				CLANG_WARN_BLOCK_CAPTURE_AUTORELEASING = YES;
				CLANG_WARN_BOOL_CONVERSION = YES;
				CLANG_WARN_COMMA = YES;
				CLANG_WARN_CONSTANT_CONVERSION = YES;
				CLANG_WARN_DEPRECATED_OBJC_IMPLEMENTATIONS = YES;
				CLANG_WARN_DIRECT_OBJC_ISA_USAGE = YES_ERROR;
				CLANG_WARN_DOCUMENTATION_COMMENTS = YES;
				CLANG_WARN_EMPTY_BODY = YES;
				CLANG_WARN_ENUM_CONVERSION = YES;
				CLANG_WARN_INFINITE_RECURSION = YES;
				CLANG_WARN_INT_CONVERSION = YES;
				CLANG_WARN_NON_LITERAL_NULL_CONVERSION = YES;
				CLANG_WARN_OBJC_IMPLICIT_RETAIN_SELF = YES;
				CLANG_WARN_OBJC_LITERAL_CONVERSION = YES;
				CLANG_WARN_OBJC_ROOT_CLASS = YES_ERROR;
				CLANG_WARN_QUOTED_INCLUDE_IN_FRAMEWORK_HEADER = YES;
				CLANG_WARN_RANGE_LOOP_ANALYSIS = YES;
				CLANG_WARN_STRICT_PROTOTYPES = YES;
				CLANG_WARN_SUSPICIOUS_MOVE = YES;
				CLANG_WARN_UNGUARDED_AVAILABILITY = YES_AGGRESSIVE;
				CLANG_WARN_UNREACHABLE_CODE = YES;
				CLANG_WARN__DUPLICATE_METHOD_MATCH = YES;
				COPY_PHASE_STRIP = NO;
				DEBUG_INFORMATION_FORMAT = "dwarf-with-dsym";
				ENABLE_NS_ASSERTIONS = NO;
				ENABLE_STRICT_OBJC_MSGSEND = YES;
				GCC_C_LANGUAGE_STANDARD = gnu11;
				GCC_NO_COMMON_BLOCKS = YES;
				GCC_WARN_64_TO_32_BIT_CONVERSION = YES;
				GCC_WARN_ABOUT_RETURN_TYPE = YES_ERROR;
				GCC_WARN_UNDECLARED_SELECTOR = YES;
				GCC_WARN_UNINITIALIZED_AUTOS = YES_AGGRESSIVE;
				GCC_WARN_UNUSED_FUNCTION = YES;
				GCC_WARN_UNUSED_VARIABLE = YES;
				IPHONEOS_DEPLOYMENT_TARGET = 14.0;
				MTL_ENABLE_DEBUG_INFO = NO;
				MTL_FAST_MATH = YES;
				SDKROOT = iphoneos;
				VALIDATE_PRODUCT = YES;
			};
			name = Release;
		};
		2A701EF3255B90E800C23484 /* Debug */ = {
			isa = XCBuildConfiguration;
			baseConfigurationReference = B14E70F933E627BD56A4C86C /* Pods-ZYBuryPoint.debug.xcconfig */;
			buildSettings = {
				CODE_SIGN_STYLE = Automatic;
				DEVELOPMENT_TEAM = L4DFRU2343;
				LIBRARY_SEARCH_PATHS = (
					"$(inherited)",
					"$(PROJECT_DIR)/ZYBuryPoint",
					"$(PROJECT_DIR)/ZYBuryPoint/Header",
				);
				OTHER_LDFLAGS = "-ObjC";
				PRODUCT_NAME = "$(TARGET_NAME)";
				SKIP_INSTALL = YES;
				TARGETED_DEVICE_FAMILY = "1,2";
			};
			name = Debug;
		};
		2A701EF4255B90E800C23484 /* Release */ = {
			isa = XCBuildConfiguration;
			baseConfigurationReference = 4B74DA430F267A03B2D886CA /* Pods-ZYBuryPoint.release.xcconfig */;
			buildSettings = {
				CODE_SIGN_STYLE = Automatic;
				DEVELOPMENT_TEAM = L4DFRU2343;
				LIBRARY_SEARCH_PATHS = (
					"$(inherited)",
					"$(PROJECT_DIR)/ZYBuryPoint",
					"$(PROJECT_DIR)/ZYBuryPoint/Header",
				);
				OTHER_LDFLAGS = "-ObjC";
				PRODUCT_NAME = "$(TARGET_NAME)";
				SKIP_INSTALL = YES;
				TARGETED_DEVICE_FAMILY = "1,2";
			};
			name = Release;
		};
/* End XCBuildConfiguration section */

/* Begin XCConfigurationList section */
		2A701EE4255B90E800C23484 /* Build configuration list for PBXProject "ZYBuryPoint" */ = {
			isa = XCConfigurationList;
			buildConfigurations = (
				2A701EF0255B90E800C23484 /* Debug */,
				2A701EF1255B90E800C23484 /* Release */,
			);
			defaultConfigurationIsVisible = 0;
			defaultConfigurationName = Release;
		};
		2A701EF2255B90E800C23484 /* Build configuration list for PBXNativeTarget "ZYBuryPoint" */ = {
			isa = XCConfigurationList;
			buildConfigurations = (
				2A701EF3255B90E800C23484 /* Debug */,
				2A701EF4255B90E800C23484 /* Release */,
			);
			defaultConfigurationIsVisible = 0;
			defaultConfigurationName = Release;
		};
/* End XCConfigurationList section */
	};
	rootObject = 2A701EE1255B90E800C23484 /* Project object */;
}
